<Solution>
  <Folder Name="/BuildingBlocks/">
    <Project Path="BuildingBlocks/BuildingBlocks/BuildingBlocks.csproj" Id="746bd5e4-ad21-4ce3-a1dd-6ec583fe5b61" />
  </Folder>
  <Folder Name="/Services/" />
  <Folder Name="/Services/Basket/">
    <Project Path="Services/src/Services/Basket/Basket.API/Basket.API.csproj" Id="c315d2dd-b9ce-42c3-ba3b-cc025894e3e4" />
  </Folder>
  <Folder Name="/Services/Catalog/">
    <Project Path="Services/Catalog/CatalogAPI/CatalogAPI.csproj" Id="e809004f-3be4-4035-a050-729722067f3f" />
  </Folder>
  <Folder Name="/Services/Discount/">
    <Project Path="Services/Discount/Discount.Grpc/Discount.Grpc.csproj" Id="c9a2673c-b82c-490a-b9f9-0a72862cba34" />
  </Folder>
  <Project Path="docker-compose.dcproj">
    <Build />
  </Project>
</Solution>
